
Microsoft Visual Studio Solution File, Format Version 12.00
# Visual Studio Version 17
VisualStudioVersion = 17.5.33424.131
MinimumVisualStudioVersion = 10.0.40219.1
Project("{FAE04EC0-301F-11D3-BF4B-00C04F79EFBC}") = "AVANSA", "AVANSA.csproj", "{A8968E85-3C26-4849-A0EA-7B204D2040E0}"
EndProject
Global
	GlobalSection(SolutionConfigurationPlatforms) = preSolution
		Debug|Any CPU = Debug|Any CPU
		Release|Any CPU = Release|Any CPU
	EndGlobalSection
	GlobalSection(ProjectConfigurationPlatforms) = postSolution
		{A8968E85-3C26-4849-A0EA-7B204D2040E0}.Debug|Any CPU.ActiveCfg = Debug|Any CPU
		{A8968E85-3C26-4849-A0EA-7B204D2040E0}.Debug|Any CPU.Build.0 = Debug|Any CPU
		{A8968E85-3C26-4849-A0EA-7B204D2040E0}.Release|Any CPU.ActiveCfg = Release|Any CPU
		{A8968E85-3C26-4849-A0EA-7B204D2040E0}.Release|Any CPU.Build.0 = Release|Any CPU
	EndGlobalSection
	GlobalSection(SolutionProperties) = preSolution
		HideSolutionNode = FALSE
	EndGlobalSection
	GlobalSection(ExtensibilityGlobals) = postSolution
		SolutionGuid = {0F59EDDB-1EBC-400B-AD6F-E9EB413FBEBE}
	EndGlobalSection
EndGlobal
